
Microsoft Visual Studio Solution File, Format Version 12.00
Project("{FAE04EC0-301F-11D3-BF4B-00C04F79EFBC}") = "Server", "Server\Server.csproj", "{CAAEED9B-8DC1-42D4-8163-B17CCED857ED}"
EndProject
Project("{FAE04EC0-301F-11D3-BF4B-00C04F79EFBC}") = "Models", "Models\Models.csproj", "{4BB45EDB-CBBD-4A63-9BD3-E4E527915F79}"
EndProject
Global
	GlobalSection(SolutionConfigurationPlatforms) = preSolution
		Debug|Any CPU = Debug|Any CPU
		Release|Any CPU = Release|Any CPU
	EndGlobalSection
	GlobalSection(ProjectConfigurationPlatforms) = postSolution
		{CAAEED9B-8DC1-42D4-8163-B17CCED857ED}.Debug|Any CPU.ActiveCfg = Debug|Any CPU
		{CAAEED9B-8DC1-42D4-8163-B17CCED857ED}.Debug|Any CPU.Build.0 = Debug|Any CPU
		{CAAEED9B-8DC1-42D4-8163-B17CCED857ED}.Release|Any CPU.ActiveCfg = Release|Any CPU
		{CAAEED9B-8DC1-42D4-8163-B17CCED857ED}.Release|Any CPU.Build.0 = Release|Any CPU
		{4BB45EDB-CBBD-4A63-9BD3-E4E527915F79}.Debug|Any CPU.ActiveCfg = Debug|Any CPU
		{4BB45EDB-CBBD-4A63-9BD3-E4E527915F79}.Debug|Any CPU.Build.0 = Debug|Any CPU
		{4BB45EDB-CBBD-4A63-9BD3-E4E527915F79}.Release|Any CPU.ActiveCfg = Release|Any CPU
		{4BB45EDB-CBBD-4A63-9BD3-E4E527915F79}.Release|Any CPU.Build.0 = Release|Any CPU
	EndGlobalSection
EndGlobal
